PODS:
  - BiSON (1.1.1)
  - SmartDeviceLink (6.2.2):
    - BiSON (~> 1.1.1)
    - SmartDeviceLink/Default (= 6.2.2)
  - SmartDeviceLink/Default (6.2.2):
    - BiSON (~> 1.1.1)

DEPENDENCIES:
  - SmartDeviceLink

SPEC REPOS:
  https://github.com/cocoapods/specs.git:
    - BiSON
    - SmartDeviceLink

SPEC CHECKSUMS:
  BiSON: 2663348e6c64bfbf9cc82e4b0b3f7eed2cb3eb6b
  SmartDeviceLink: 5e30162699a6d5c2cd411029c69de62f3e1bf32e

PODFILE CHECKSUM: d4866de907226f3d2be783b726f668fed6c0b714

COCOAPODS: 1.7.0
