PODS:
  - BiSON (1.1.1)
  - openxcframework (1.1.3):
    - protobufSwift (~> 1.3.3)
  - protobufSwift (1.3.3)
  - SmartDeviceLink (6.2.2):
    - BiSON (~> 1.1.1)
    - SmartDeviceLink/Default (= 6.2.2)
  - SmartDeviceLink/Default (6.2.2):
    - BiSON (~> 1.1.1)

DEPENDENCIES:
  - openxcframework (from `./openxc-ios-library/openxcframework.podspec`)
  - SmartDeviceLink

SPEC REPOS:
  https://github.com/cocoapods/specs.git:
    - BiSON
    - protobufSwift
    - SmartDeviceLink

EXTERNAL SOURCES:
  openxcframework:
    :path: "./openxc-ios-library/openxcframework.podspec"

SPEC CHECKSUMS:
  BiSON: 2663348e6c64bfbf9cc82e4b0b3f7eed2cb3eb6b
  openxcframework: 55f3a7ae907e5ceac202591bd46b52fe419191f5
  protobufSwift: 056f62edb9375d94cbf307500fff3b481b82b6dc
  SmartDeviceLink: 5e30162699a6d5c2cd411029c69de62f3e1bf32e

PODFILE CHECKSUM: 72ce1429d765a85866af2dbadaaf3e7e578e07f0

COCOAPODS: 1.7.0
